
Microsoft Visual Studio Solution File, Format Version 12.00
# Visual Studio 14
VisualStudioVersion = 14.0.25420.1
MinimumVisualStudioVersion = 10.0.40219.1
Project("{FAE04EC0-301F-11D3-BF4B-00C04F79EFBC}") = "TextEditor", "NoteTest\TextEditor.csproj", "{6F15FAE3-9E11-43F5-A5A6-36B716F5F914}"
EndProject
Project("{FAE04EC0-301F-11D3-BF4B-00C04F79EFBC}") = "TextEditor.BL", "TextEditor.BL\TextEditor.BL.csproj", "{F99A47B9-B0C0-4BD8-B4D1-FC2CA2EB8D57}"
EndProject
Global
	GlobalSection(SolutionConfigurationPlatforms) = preSolution
		Debug|Any CPU = Debug|Any CPU
		Release|Any CPU = Release|Any CPU
	EndGlobalSection
	GlobalSection(ProjectConfigurationPlatforms) = postSolution
		{6F15FAE3-9E11-43F5-A5A6-36B716F5F914}.Debug|Any CPU.ActiveCfg = Debug|Any CPU
		{6F15FAE3-9E11-43F5-A5A6-36B716F5F914}.Debug|Any CPU.Build.0 = Debug|Any CPU
		{6F15FAE3-9E11-43F5-A5A6-36B716F5F914}.Release|Any CPU.ActiveCfg = Release|Any CPU
		{6F15FAE3-9E11-43F5-A5A6-36B716F5F914}.Release|Any CPU.Build.0 = Release|Any CPU
		{F99A47B9-B0C0-4BD8-B4D1-FC2CA2EB8D57}.Debug|Any CPU.ActiveCfg = Debug|Any CPU
		{F99A47B9-B0C0-4BD8-B4D1-FC2CA2EB8D57}.Debug|Any CPU.Build.0 = Debug|Any CPU
		{F99A47B9-B0C0-4BD8-B4D1-FC2CA2EB8D57}.Release|Any CPU.ActiveCfg = Release|Any CPU
		{F99A47B9-B0C0-4BD8-B4D1-FC2CA2EB8D57}.Release|Any CPU.Build.0 = Release|Any CPU
	EndGlobalSection
	GlobalSection(SolutionProperties) = preSolution
		HideSolutionNode = FALSE
	EndGlobalSection
EndGlobal
